
Microsoft Visual Studio Solution File, Format Version 12.00
# Visual Studio 15
VisualStudioVersion = 15.0.27130.2036
MinimumVisualStudioVersion = 10.0.40219.1
Project("{FAE04EC0-301F-11D3-BF4B-00C04F79EFBC}") = "MaDeuxiemeApplication", "MaDeuxiemeApplication\MaDeuxiemeApplication.csproj", "{26A593AC-4AB2-4A05-9654-E31B3B8B1378}"
EndProject
Global
	GlobalSection(SolutionConfigurationPlatforms) = preSolution
		Debug|Any CPU = Debug|Any CPU
		Release|Any CPU = Release|Any CPU
	EndGlobalSection
	GlobalSection(ProjectConfigurationPlatforms) = postSolution
		{26A593AC-4AB2-4A05-9654-E31B3B8B1378}.Debug|Any CPU.ActiveCfg = Debug|Any CPU
		{26A593AC-4AB2-4A05-9654-E31B3B8B1378}.Debug|Any CPU.Build.0 = Debug|Any CPU
		{26A593AC-4AB2-4A05-9654-E31B3B8B1378}.Release|Any CPU.ActiveCfg = Release|Any CPU
		{26A593AC-4AB2-4A05-9654-E31B3B8B1378}.Release|Any CPU.Build.0 = Release|Any CPU
	EndGlobalSection
	GlobalSection(SolutionProperties) = preSolution
		HideSolutionNode = FALSE
	EndGlobalSection
	GlobalSection(ExtensibilityGlobals) = postSolution
		SolutionGuid = {CFDF011A-3F1E-418C-9333-EDC8E3DA307D}
	EndGlobalSection
EndGlobal
